
Microsoft Visual Studio Solution File, Format Version 12.00
# Visual Studio Version 16
VisualStudioVersion = 16.0.34301.259
MinimumVisualStudioVersion = 10.0.40219.1
Project("{FAE04EC0-301F-11D3-BF4B-00C04F79EFBC}") = "ScopeMiddlewareSample", "ScopeMiddlewareSample\ScopeMiddlewareSample.csproj", "{0B5F175E-2224-4F3F-B29E-FE27D0184475}"
EndProject
Global
	GlobalSection(SolutionConfigurationPlatforms) = preSolution
		Debug|Any CPU = Debug|Any CPU
		Release|Any CPU = Release|Any CPU
	EndGlobalSection
	GlobalSection(ProjectConfigurationPlatforms) = postSolution
		{0B5F175E-2224-4F3F-B29E-FE27D0184475}.Debug|Any CPU.ActiveCfg = Debug|Any CPU
		{0B5F175E-2224-4F3F-B29E-FE27D0184475}.Debug|Any CPU.Build.0 = Debug|Any CPU
		{0B5F175E-2224-4F3F-B29E-FE27D0184475}.Release|Any CPU.ActiveCfg = Release|Any CPU
		{0B5F175E-2224-4F3F-B29E-FE27D0184475}.Release|Any CPU.Build.0 = Release|Any CPU
	EndGlobalSection
	GlobalSection(SolutionProperties) = preSolution
		HideSolutionNode = FALSE
	EndGlobalSection
	GlobalSection(ExtensibilityGlobals) = postSolution
		SolutionGuid = {73C098F8-71C8-4BEF-A393-7CCEFDD3E0BE}
	EndGlobalSection
EndGlobal
